
Microsoft Visual Studio Solution File, Format Version 12.00
# Visual Studio Version 17
VisualStudioVersion = 17.11.35327.3
MinimumVisualStudioVersion = 10.0.40219.1
Project("{2150E333-8FDC-42A3-9474-1A3956D46DE8}") = "src", "src", "{BDF53E4A-4728-427A-89F4-D6EB32209D1C}"
EndProject
Project("{2150E333-8FDC-42A3-9474-1A3956D46DE8}") = "BuildingBlocks", "BuildingBlocks", "{25457FC7-943F-4566-8DAC-20814A9D5C96}"
EndProject
Project("{9A19103F-16F7-4668-BE54-9A1E7A4F7556}") = "BuildingBlocks", "src\BuildingBlocks\BuildingBlocks\BuildingBlocks.csproj", "{CDCEA102-D4C0-4A50-8A2B-C40F73C47BA0}"
EndProject
Project("{9A19103F-16F7-4668-BE54-9A1E7A4F7556}") = "BuildingBlocks.Auth", "src\BuildingBlocks\BuildingBlocks.Auth\BuildingBlocks.Auth\BuildingBlocks.Auth.csproj", "{FDF46C8A-2866-4BA0-ACCF-EC79FC567E3E}"
EndProject
Project("{9A19103F-16F7-4668-BE54-9A1E7A4F7556}") = "BuildingBlocks.Messaging", "src\BuildingBlocks\BuildingBlocks.Messaging\BuildingBlocks.Messaging.csproj", "{B0DBD109-5058-4652-AAA0-36A4A2C14DC7}"
EndProject
Project("{2150E333-8FDC-42A3-9474-1A3956D46DE8}") = "Services", "Services", "{8F46612A-C2E1-4DC2-9441-4E3FC7EBA04A}"
EndProject
Project("{9A19103F-16F7-4668-BE54-9A1E7A4F7556}") = "EStore.Api", "src\Services\EStore.Api\EStore.Api.csproj", "{3E00225E-CC56-49D5-8881-FDC0CC460BB8}"
EndProject
Project("{9A19103F-16F7-4668-BE54-9A1E7A4F7556}") = "Estore.Application", "src\Services\Estore.Application\Estore.Application.csproj", "{16D85995-25CD-44C6-9F28-32E887126F14}"
EndProject
Project("{9A19103F-16F7-4668-BE54-9A1E7A4F7556}") = "EStore.Domain", "src\Services\Estore.Domain\EStore.Domain.csproj", "{43A6E9E3-AF09-435B-ADF1-E04FC1D49F9F}"
EndProject
Project("{9A19103F-16F7-4668-BE54-9A1E7A4F7556}") = "EStore.Infrastructure", "src\Services\Estore.Infrastructure\EStore.Infrastructure.csproj", "{111BE921-7E0D-4444-B4CD-130C262A671D}"
EndProject
Global
	GlobalSection(SolutionConfigurationPlatforms) = preSolution
		Debug|Any CPU = Debug|Any CPU
		Release|Any CPU = Release|Any CPU
	EndGlobalSection
	GlobalSection(ProjectConfigurationPlatforms) = postSolution
		{CDCEA102-D4C0-4A50-8A2B-C40F73C47BA0}.Debug|Any CPU.ActiveCfg = Debug|Any CPU
		{CDCEA102-D4C0-4A50-8A2B-C40F73C47BA0}.Debug|Any CPU.Build.0 = Debug|Any CPU
		{CDCEA102-D4C0-4A50-8A2B-C40F73C47BA0}.Release|Any CPU.ActiveCfg = Release|Any CPU
		{CDCEA102-D4C0-4A50-8A2B-C40F73C47BA0}.Release|Any CPU.Build.0 = Release|Any CPU
		{FDF46C8A-2866-4BA0-ACCF-EC79FC567E3E}.Debug|Any CPU.ActiveCfg = Debug|Any CPU
		{FDF46C8A-2866-4BA0-ACCF-EC79FC567E3E}.Debug|Any CPU.Build.0 = Debug|Any CPU
		{FDF46C8A-2866-4BA0-ACCF-EC79FC567E3E}.Release|Any CPU.ActiveCfg = Release|Any CPU
		{FDF46C8A-2866-4BA0-ACCF-EC79FC567E3E}.Release|Any CPU.Build.0 = Release|Any CPU
		{B0DBD109-5058-4652-AAA0-36A4A2C14DC7}.Debug|Any CPU.ActiveCfg = Debug|Any CPU
		{B0DBD109-5058-4652-AAA0-36A4A2C14DC7}.Debug|Any CPU.Build.0 = Debug|Any CPU
		{B0DBD109-5058-4652-AAA0-36A4A2C14DC7}.Release|Any CPU.ActiveCfg = Release|Any CPU
		{B0DBD109-5058-4652-AAA0-36A4A2C14DC7}.Release|Any CPU.Build.0 = Release|Any CPU
		{3E00225E-CC56-49D5-8881-FDC0CC460BB8}.Debug|Any CPU.ActiveCfg = Debug|Any CPU
		{3E00225E-CC56-49D5-8881-FDC0CC460BB8}.Debug|Any CPU.Build.0 = Debug|Any CPU
		{3E00225E-CC56-49D5-8881-FDC0CC460BB8}.Release|Any CPU.ActiveCfg = Release|Any CPU
		{3E00225E-CC56-49D5-8881-FDC0CC460BB8}.Release|Any CPU.Build.0 = Release|Any CPU
		{16D85995-25CD-44C6-9F28-32E887126F14}.Debug|Any CPU.ActiveCfg = Debug|Any CPU
		{16D85995-25CD-44C6-9F28-32E887126F14}.Debug|Any CPU.Build.0 = Debug|Any CPU
		{16D85995-25CD-44C6-9F28-32E887126F14}.Release|Any CPU.ActiveCfg = Release|Any CPU
		{16D85995-25CD-44C6-9F28-32E887126F14}.Release|Any CPU.Build.0 = Release|Any CPU
		{43A6E9E3-AF09-435B-ADF1-E04FC1D49F9F}.Debug|Any CPU.ActiveCfg = Debug|Any CPU
		{43A6E9E3-AF09-435B-ADF1-E04FC1D49F9F}.Debug|Any CPU.Build.0 = Debug|Any CPU
		{43A6E9E3-AF09-435B-ADF1-E04FC1D49F9F}.Release|Any CPU.ActiveCfg = Release|Any CPU
		{43A6E9E3-AF09-435B-ADF1-E04FC1D49F9F}.Release|Any CPU.Build.0 = Release|Any CPU
		{111BE921-7E0D-4444-B4CD-130C262A671D}.Debug|Any CPU.ActiveCfg = Debug|Any CPU
		{111BE921-7E0D-4444-B4CD-130C262A671D}.Debug|Any CPU.Build.0 = Debug|Any CPU
		{111BE921-7E0D-4444-B4CD-130C262A671D}.Release|Any CPU.ActiveCfg = Release|Any CPU
		{111BE921-7E0D-4444-B4CD-130C262A671D}.Release|Any CPU.Build.0 = Release|Any CPU
	EndGlobalSection
	GlobalSection(SolutionProperties) = preSolution
		HideSolutionNode = FALSE
	EndGlobalSection
	GlobalSection(NestedProjects) = preSolution
		{25457FC7-943F-4566-8DAC-20814A9D5C96} = {BDF53E4A-4728-427A-89F4-D6EB32209D1C}
		{CDCEA102-D4C0-4A50-8A2B-C40F73C47BA0} = {25457FC7-943F-4566-8DAC-20814A9D5C96}
		{FDF46C8A-2866-4BA0-ACCF-EC79FC567E3E} = {25457FC7-943F-4566-8DAC-20814A9D5C96}
		{B0DBD109-5058-4652-AAA0-36A4A2C14DC7} = {25457FC7-943F-4566-8DAC-20814A9D5C96}
		{8F46612A-C2E1-4DC2-9441-4E3FC7EBA04A} = {BDF53E4A-4728-427A-89F4-D6EB32209D1C}
		{3E00225E-CC56-49D5-8881-FDC0CC460BB8} = {8F46612A-C2E1-4DC2-9441-4E3FC7EBA04A}
		{16D85995-25CD-44C6-9F28-32E887126F14} = {8F46612A-C2E1-4DC2-9441-4E3FC7EBA04A}
		{43A6E9E3-AF09-435B-ADF1-E04FC1D49F9F} = {8F46612A-C2E1-4DC2-9441-4E3FC7EBA04A}
		{111BE921-7E0D-4444-B4CD-130C262A671D} = {8F46612A-C2E1-4DC2-9441-4E3FC7EBA04A}
	EndGlobalSection
	GlobalSection(ExtensibilityGlobals) = postSolution
		SolutionGuid = {7E1B928E-8FE6-41F8-8949-7A2AEEC171E0}
	EndGlobalSection
EndGlobal
